
Microsoft Visual Studio Solution File, Format Version 12.00
# Visual Studio Version 16
VisualStudioVersion = 16.0.30104.148
MinimumVisualStudioVersion = 10.0.40219.1
Project("{8BC9CEB8-8B4A-11D0-8D11-00A0C91BC942}") = "Tutorial2Task2", "Tutorial2Task2\Tutorial2Task2.vcxproj", "{82EA8C00-4072-40D6-9C29-5BF9062AC80A}"
EndProject
Global
	GlobalSection(SolutionConfigurationPlatforms) = preSolution
		Debug|x64 = Debug|x64
		Debug|x86 = Debug|x86
		Release|x64 = Release|x64
		Release|x86 = Release|x86
	EndGlobalSection
	GlobalSection(ProjectConfigurationPlatforms) = postSolution
		{82EA8C00-4072-40D6-9C29-5BF9062AC80A}.Debug|x64.ActiveCfg = Debug|x64
		{82EA8C00-4072-40D6-9C29-5BF9062AC80A}.Debug|x64.Build.0 = Debug|x64
		{82EA8C00-4072-40D6-9C29-5BF9062AC80A}.Debug|x86.ActiveCfg = Debug|Win32
		{82EA8C00-4072-40D6-9C29-5BF9062AC80A}.Debug|x86.Build.0 = Debug|Win32
		{82EA8C00-4072-40D6-9C29-5BF9062AC80A}.Release|x64.ActiveCfg = Release|x64
		{82EA8C00-4072-40D6-9C29-5BF9062AC80A}.Release|x64.Build.0 = Release|x64
		{82EA8C00-4072-40D6-9C29-5BF9062AC80A}.Release|x86.ActiveCfg = Release|Win32
		{82EA8C00-4072-40D6-9C29-5BF9062AC80A}.Release|x86.Build.0 = Release|Win32
	EndGlobalSection
	GlobalSection(SolutionProperties) = preSolution
		HideSolutionNode = FALSE
	EndGlobalSection
	GlobalSection(ExtensibilityGlobals) = postSolution
		SolutionGuid = {6A609D9D-7C93-48DD-815D-1B8855F2AAC8}
	EndGlobalSection
EndGlobal
